// !$*UTF8*$!
{
	archiveVersion = 1;
	classes = {
	};
	objectVersion = 77;
	objects = {

/* Begin PBXBuildFile section */
		3936B09A2EC20D7A0028644D /* WishMakerInteractor.swift in Sources */ = {isa = PBXBuildFile; fileRef = 3936B0992EC20D7A0028644D /* WishMakerInteractor.swift */; };
		3936B09C2EC20DB40028644D /* WIshMakerPresenter.swift in Sources */ = {isa = PBXBuildFile; fileRef = 3936B09B2EC20DB40028644D /* WIshMakerPresenter.swift */; };
		3936B09E2EC212DC0028644D /* RGBSlider.swift in Sources */ = {isa = PBXBuildFile; fileRef = 3936B09D2EC212DC0028644D /* RGBSlider.swift */; };
		3936B0A12EC218B30028644D /* CustomTextField.swift in Sources */ = {isa = PBXBuildFile; fileRef = 3936B0A02EC218B30028644D /* CustomTextField.swift */; };
		3936B0A32EC221CE0028644D /* WishMakerAssembly.swift in Sources */ = {isa = PBXBuildFile; fileRef = 3936B0A22EC221CE0028644D /* WishMakerAssembly.swift */; };
		3936B0A62EC345AD0028644D /* WishStoringViewController.swift in Sources */ = {isa = PBXBuildFile; fileRef = 3936B0A52EC345AD0028644D /* WishStoringViewController.swift */; };
		3936B0A82EC348E60028644D /* WrittenWishCell.swift in Sources */ = {isa = PBXBuildFile; fileRef = 3936B0A72EC348E60028644D /* WrittenWishCell.swift */; };
		3936B0AA2EC35C080028644D /* AddWishCell.swift in Sources */ = {isa = PBXBuildFile; fileRef = 3936B0A92EC35C080028644D /* AddWishCell.swift */; };
		3936B0AE2EC362D00028644D /* WishStoringProtocols.swift in Sources */ = {isa = PBXBuildFile; fileRef = 3936B0AD2EC362D00028644D /* WishStoringProtocols.swift */; };
		3936B0B02EC363010028644D /* WishStoringModel.swift in Sources */ = {isa = PBXBuildFile; fileRef = 3936B0AF2EC363010028644D /* WishStoringModel.swift */; };
		3955C4522EC11F0E00A214A7 /* Assets.xcassets in Resources */ = {isa = PBXBuildFile; fileRef = 3955C4492EC11F0E00A214A7 /* Assets.xcassets */; };
		3955C4542EC11F0E00A214A7 /* LaunchScreen.storyboard in Resources */ = {isa = PBXBuildFile; fileRef = 3955C44D2EC11F0E00A214A7 /* LaunchScreen.storyboard */; };
		3955C4552EC11F0E00A214A7 /* UIColor+hex.swift in Sources */ = {isa = PBXBuildFile; fileRef = 3955C4442EC11F0E00A214A7 /* UIColor+hex.swift */; };
		3955C4562EC11F0E00A214A7 /* UIColor+random.swift in Sources */ = {isa = PBXBuildFile; fileRef = 3955C4452EC11F0E00A214A7 /* UIColor+random.swift */; };
		3955C4572EC11F0E00A214A7 /* UIView+Pin.swift in Sources */ = {isa = PBXBuildFile; fileRef = 3955C4462EC11F0E00A214A7 /* UIView+Pin.swift */; };
		3955C4582EC11F0E00A214A7 /* AppDelegate.swift in Sources */ = {isa = PBXBuildFile; fileRef = 3955C4482EC11F0E00A214A7 /* AppDelegate.swift */; };
		3955C4592EC11F0E00A214A7 /* CustomSlider.swift in Sources */ = {isa = PBXBuildFile; fileRef = 3955C44A2EC11F0E00A214A7 /* CustomSlider.swift */; };
		3955C45A2EC11F0E00A214A7 /* SceneDelegate.swift in Sources */ = {isa = PBXBuildFile; fileRef = 3955C44E2EC11F0E00A214A7 /* SceneDelegate.swift */; };
		3955C45B2EC11F0E00A214A7 /* WishMakerProtocols.swift in Sources */ = {isa = PBXBuildFile; fileRef = 3955C44F2EC11F0E00A214A7 /* WishMakerProtocols.swift */; };
		3955C45C2EC11F0E00A214A7 /* WishMakerViewController.swift in Sources */ = {isa = PBXBuildFile; fileRef = 3955C4502EC11F0E00A214A7 /* WishMakerViewController.swift */; };
		3955C45E2EC11F2400A214A7 /* WishMakerModel.swift in Sources */ = {isa = PBXBuildFile; fileRef = 3955C45D2EC11F2400A214A7 /* WishMakerModel.swift */; };
/* End PBXBuildFile section */

/* Begin PBXFileReference section */
		3936B0992EC20D7A0028644D /* WishMakerInteractor.swift */ = {isa = PBXFileReference; lastKnownFileType = sourcecode.swift; path = WishMakerInteractor.swift; sourceTree = "<group>"; };
		3936B09B2EC20DB40028644D /* WIshMakerPresenter.swift */ = {isa = PBXFileReference; lastKnownFileType = sourcecode.swift; path = WIshMakerPresenter.swift; sourceTree = "<group>"; };
		3936B09D2EC212DC0028644D /* RGBSlider.swift */ = {isa = PBXFileReference; lastKnownFileType = sourcecode.swift; path = RGBSlider.swift; sourceTree = "<group>"; };
		3936B0A02EC218B30028644D /* CustomTextField.swift */ = {isa = PBXFileReference; lastKnownFileType = sourcecode.swift; path = CustomTextField.swift; sourceTree = "<group>"; };
		3936B0A22EC221CE0028644D /* WishMakerAssembly.swift */ = {isa = PBXFileReference; lastKnownFileType = sourcecode.swift; path = WishMakerAssembly.swift; sourceTree = "<group>"; };
		3936B0A52EC345AD0028644D /* WishStoringViewController.swift */ = {isa = PBXFileReference; lastKnownFileType = sourcecode.swift; path = WishStoringViewController.swift; sourceTree = "<group>"; };
		3936B0A72EC348E60028644D /* WrittenWishCell.swift */ = {isa = PBXFileReference; lastKnownFileType = sourcecode.swift; path = WrittenWishCell.swift; sourceTree = "<group>"; };
		3936B0A92EC35C080028644D /* AddWishCell.swift */ = {isa = PBXFileReference; lastKnownFileType = sourcecode.swift; path = AddWishCell.swift; sourceTree = "<group>"; };
		3936B0AD2EC362D00028644D /* WishStoringProtocols.swift */ = {isa = PBXFileReference; lastKnownFileType = sourcecode.swift; path = WishStoringProtocols.swift; sourceTree = "<group>"; };
		3936B0AF2EC363010028644D /* WishStoringModel.swift */ = {isa = PBXFileReference; lastKnownFileType = sourcecode.swift; path = WishStoringModel.swift; sourceTree = "<group>"; };
		3955C4442EC11F0E00A214A7 /* UIColor+hex.swift */ = {isa = PBXFileReference; lastKnownFileType = sourcecode.swift; path = "UIColor+hex.swift"; sourceTree = "<group>"; };
		3955C4452EC11F0E00A214A7 /* UIColor+random.swift */ = {isa = PBXFileReference; lastKnownFileType = sourcecode.swift; path = "UIColor+random.swift"; sourceTree = "<group>"; };
		3955C4462EC11F0E00A214A7 /* UIView+Pin.swift */ = {isa = PBXFileReference; lastKnownFileType = sourcecode.swift; path = "UIView+Pin.swift"; sourceTree = "<group>"; };
		3955C4482EC11F0E00A214A7 /* AppDelegate.swift */ = {isa = PBXFileReference; lastKnownFileType = sourcecode.swift; path = AppDelegate.swift; sourceTree = "<group>"; };
		3955C4492EC11F0E00A214A7 /* Assets.xcassets */ = {isa = PBXFileReference; lastKnownFileType = folder.assetcatalog; path = Assets.xcassets; sourceTree = "<group>"; };
		3955C44A2EC11F0E00A214A7 /* CustomSlider.swift */ = {isa = PBXFileReference; lastKnownFileType = sourcecode.swift; path = CustomSlider.swift; sourceTree = "<group>"; };
		3955C44B2EC11F0E00A214A7 /* Info.plist */ = {isa = PBXFileReference; lastKnownFileType = text.plist.xml; path = Info.plist; sourceTree = "<group>"; };
		3955C44C2EC11F0E00A214A7 /* Base */ = {isa = PBXFileReference; lastKnownFileType = file.storyboard; name = Base; path = Base.lproj/LaunchScreen.storyboard; sourceTree = "<group>"; };
		3955C44E2EC11F0E00A214A7 /* SceneDelegate.swift */ = {isa = PBXFileReference; lastKnownFileType = sourcecode.swift; path = SceneDelegate.swift; sourceTree = "<group>"; };
		3955C44F2EC11F0E00A214A7 /* WishMakerProtocols.swift */ = {isa = PBXFileReference; lastKnownFileType = sourcecode.swift; path = WishMakerProtocols.swift; sourceTree = "<group>"; };
		3955C4502EC11F0E00A214A7 /* WishMakerViewController.swift */ = {isa = PBXFileReference; lastKnownFileType = sourcecode.swift; path = WishMakerViewController.swift; sourceTree = "<group>"; };
		3955C45D2EC11F2400A214A7 /* WishMakerModel.swift */ = {isa = PBXFileReference; lastKnownFileType = sourcecode.swift; path = WishMakerModel.swift; sourceTree = "<group>"; };
		3968CC9B2E8042690047A7C1 /* doabdulovPW2.app */ = {isa = PBXFileReference; explicitFileType = wrapper.application; includeInIndex = 0; path = doabdulovPW2.app; sourceTree = BUILT_PRODUCTS_DIR; };
/* End PBXFileReference section */

/* Begin PBXFrameworksBuildPhase section */
		3968CC982E8042690047A7C1 /* Frameworks */ = {
			isa = PBXFrameworksBuildPhase;
			buildActionMask = 2147483647;
			files = (
			);
			runOnlyForDeploymentPostprocessing = 0;
		};
/* End PBXFrameworksBuildPhase section */

/* Begin PBXGroup section */
		3936B09F2EC212F20028644D /* WishMakerMainScreen */ = {
			isa = PBXGroup;
			children = (
				3936B0AB2EC3627F0028644D /* Views */,
				3955C44F2EC11F0E00A214A7 /* WishMakerProtocols.swift */,
				3955C45D2EC11F2400A214A7 /* WishMakerModel.swift */,
				3936B0992EC20D7A0028644D /* WishMakerInteractor.swift */,
				3936B09B2EC20DB40028644D /* WIshMakerPresenter.swift */,
				3936B0A22EC221CE0028644D /* WishMakerAssembly.swift */,
			);
			path = WishMakerMainScreen;
			sourceTree = "<group>";
		};
		3936B0A42EC28DD40028644D /* Views */ = {
			isa = PBXGroup;
			children = (
				3936B0A52EC345AD0028644D /* WishStoringViewController.swift */,
				3936B0A92EC35C080028644D /* AddWishCell.swift */,
				3936B0A72EC348E60028644D /* WrittenWishCell.swift */,
			);
			path = Views;
			sourceTree = "<group>";
		};
		3936B0AB2EC3627F0028644D /* Views */ = {
			isa = PBXGroup;
			children = (
				3955C4502EC11F0E00A214A7 /* WishMakerViewController.swift */,
				3936B0A02EC218B30028644D /* CustomTextField.swift */,
				3936B09D2EC212DC0028644D /* RGBSlider.swift */,
			);
			path = Views;
			sourceTree = "<group>";
		};
		3936B0AC2EC3628E0028644D /* WIshStoringScreen */ = {
			isa = PBXGroup;
			children = (
				3936B0A42EC28DD40028644D /* Views */,
				3936B0AD2EC362D00028644D /* WishStoringProtocols.swift */,
				3936B0AF2EC363010028644D /* WishStoringModel.swift */,
			);
			path = WIshStoringScreen;
			sourceTree = "<group>";
		};
		3955C4472EC11F0E00A214A7 /* Extensions */ = {
			isa = PBXGroup;
			children = (
				3955C4442EC11F0E00A214A7 /* UIColor+hex.swift */,
				3955C4452EC11F0E00A214A7 /* UIColor+random.swift */,
				3955C4462EC11F0E00A214A7 /* UIView+Pin.swift */,
			);
			path = Extensions;
			sourceTree = "<group>";
		};
		3955C4512EC11F0E00A214A7 /* doabdulovPW2 */ = {
			isa = PBXGroup;
			children = (
				3955C4472EC11F0E00A214A7 /* Extensions */,
				3936B0AC2EC3628E0028644D /* WIshStoringScreen */,
				3955C4482EC11F0E00A214A7 /* AppDelegate.swift */,
				3955C4492EC11F0E00A214A7 /* Assets.xcassets */,
				3936B09F2EC212F20028644D /* WishMakerMainScreen */,
				3955C44A2EC11F0E00A214A7 /* CustomSlider.swift */,
				3955C44B2EC11F0E00A214A7 /* Info.plist */,
				3955C44D2EC11F0E00A214A7 /* LaunchScreen.storyboard */,
				3955C44E2EC11F0E00A214A7 /* SceneDelegate.swift */,
			);
			path = doabdulovPW2;
			sourceTree = "<group>";
		};
		3968CC922E8042690047A7C1 = {
			isa = PBXGroup;
			children = (
				3955C4512EC11F0E00A214A7 /* doabdulovPW2 */,
				3968CC9C2E8042690047A7C1 /* Products */,
			);
			sourceTree = "<group>";
		};
		3968CC9C2E8042690047A7C1 /* Products */ = {
			isa = PBXGroup;
			children = (
				3968CC9B2E8042690047A7C1 /* doabdulovPW2.app */,
			);
			name = Products;
			sourceTree = "<group>";
		};
/* End PBXGroup section */

/* Begin PBXNativeTarget section */
		3968CC9A2E8042690047A7C1 /* doabdulovPW2 */ = {
			isa = PBXNativeTarget;
			buildConfigurationList = 3968CCAE2E80426B0047A7C1 /* Build configuration list for PBXNativeTarget "doabdulovPW2" */;
			buildPhases = (
				3968CC972E8042690047A7C1 /* Sources */,
				3968CC982E8042690047A7C1 /* Frameworks */,
				3968CC992E8042690047A7C1 /* Resources */,
			);
			buildRules = (
			);
			dependencies = (
			);
			name = doabdulovPW2;
			packageProductDependencies = (
			);
			productName = doabdulovPW2;
			productReference = 3968CC9B2E8042690047A7C1 /* doabdulovPW2.app */;
			productType = "com.apple.product-type.application";
		};
/* End PBXNativeTarget section */

/* Begin PBXProject section */
		3968CC932E8042690047A7C1 /* Project object */ = {
			isa = PBXProject;
			attributes = {
				BuildIndependentTargetsInParallel = 1;
				LastSwiftUpdateCheck = 1600;
				LastUpgradeCheck = 1600;
				TargetAttributes = {
					3968CC9A2E8042690047A7C1 = {
						CreatedOnToolsVersion = 16.0;
					};
				};
			};
			buildConfigurationList = 3968CC962E8042690047A7C1 /* Build configuration list for PBXProject "doabdulovPW2" */;
			developmentRegion = en;
			hasScannedForEncodings = 0;
			knownRegions = (
				en,
				Base,
			);
			mainGroup = 3968CC922E8042690047A7C1;
			minimizedProjectReferenceProxies = 1;
			preferredProjectObjectVersion = 77;
			productRefGroup = 3968CC9C2E8042690047A7C1 /* Products */;
			projectDirPath = "";
			projectRoot = "";
			targets = (
				3968CC9A2E8042690047A7C1 /* doabdulovPW2 */,
			);
		};
/* End PBXProject section */

/* Begin PBXResourcesBuildPhase section */
		3968CC992E8042690047A7C1 /* Resources */ = {
			isa = PBXResourcesBuildPhase;
			buildActionMask = 2147483647;
			files = (
				3955C4522EC11F0E00A214A7 /* Assets.xcassets in Resources */,
				3955C4542EC11F0E00A214A7 /* LaunchScreen.storyboard in Resources */,
			);
			runOnlyForDeploymentPostprocessing = 0;
		};
/* End PBXResourcesBuildPhase section */

/* Begin PBXSourcesBuildPhase section */
		3968CC972E8042690047A7C1 /* Sources */ = {
			isa = PBXSourcesBuildPhase;
			buildActionMask = 2147483647;
			files = (
				3936B0A12EC218B30028644D /* CustomTextField.swift in Sources */,
				3936B0AE2EC362D00028644D /* WishStoringProtocols.swift in Sources */,
				3936B0A32EC221CE0028644D /* WishMakerAssembly.swift in Sources */,
				3936B09E2EC212DC0028644D /* RGBSlider.swift in Sources */,
				3955C45E2EC11F2400A214A7 /* WishMakerModel.swift in Sources */,
				3955C4552EC11F0E00A214A7 /* UIColor+hex.swift in Sources */,
				3936B09C2EC20DB40028644D /* WIshMakerPresenter.swift in Sources */,
				3955C4562EC11F0E00A214A7 /* UIColor+random.swift in Sources */,
				3955C4572EC11F0E00A214A7 /* UIView+Pin.swift in Sources */,
				3936B0A82EC348E60028644D /* WrittenWishCell.swift in Sources */,
				3955C4582EC11F0E00A214A7 /* AppDelegate.swift in Sources */,
				3936B0A62EC345AD0028644D /* WishStoringViewController.swift in Sources */,
				3955C4592EC11F0E00A214A7 /* CustomSlider.swift in Sources */,
				3936B0B02EC363010028644D /* WishStoringModel.swift in Sources */,
				3955C45A2EC11F0E00A214A7 /* SceneDelegate.swift in Sources */,
				3955C45B2EC11F0E00A214A7 /* WishMakerProtocols.swift in Sources */,
				3936B0AA2EC35C080028644D /* AddWishCell.swift in Sources */,
				3936B09A2EC20D7A0028644D /* WishMakerInteractor.swift in Sources */,
				3955C45C2EC11F0E00A214A7 /* WishMakerViewController.swift in Sources */,
			);
			runOnlyForDeploymentPostprocessing = 0;
		};
/* End PBXSourcesBuildPhase section */

/* Begin PBXVariantGroup section */
		3955C44D2EC11F0E00A214A7 /* LaunchScreen.storyboard */ = {
			isa = PBXVariantGroup;
			children = (
				3955C44C2EC11F0E00A214A7 /* Base */,
			);
			name = LaunchScreen.storyboard;
			sourceTree = "<group>";
		};
/* End PBXVariantGroup section */

/* Begin XCBuildConfiguration section */
		3968CCAF2E80426B0047A7C1 /* Debug */ = {
			isa = XCBuildConfiguration;
			buildSettings = {
				ASSETCATALOG_COMPILER_APPICON_NAME = AppIcon;
				ASSETCATALOG_COMPILER_GLOBAL_ACCENT_COLOR_NAME = AccentColor;
				CODE_SIGN_STYLE = Automatic;
				CURRENT_PROJECT_VERSION = 1;
				DEVELOPMENT_TEAM = X768DFX4Z5;
				GENERATE_INFOPLIST_FILE = YES;
				INFOPLIST_FILE = doabdulovPW2/Info.plist;
				INFOPLIST_KEY_UIApplicationSupportsIndirectInputEvents = YES;
				INFOPLIST_KEY_UILaunchStoryboardName = LaunchScreen;
				INFOPLIST_KEY_UISupportedInterfaceOrientations_iPad = "UIInterfaceOrientationPortrait UIInterfaceOrientationPortraitUpsideDown UIInterfaceOrientationLandscapeLeft UIInterfaceOrientationLandscapeRight";
				INFOPLIST_KEY_UISupportedInterfaceOrientations_iPhone = "UIInterfaceOrientationPortrait UIInterfaceOrientationLandscapeLeft UIInterfaceOrientationLandscapeRight";
				IPHONEOS_DEPLOYMENT_TARGET = 15.6;
				LD_RUNPATH_SEARCH_PATHS = (
					"$(inherited)",
					"@executable_path/Frameworks",
				);
				MARKETING_VERSION = 1.0;
				PRODUCT_BUNDLE_IDENTIFIER = Jam.doabdulovPW2;
				PRODUCT_NAME = "$(TARGET_NAME)";
				SWIFT_EMIT_LOC_STRINGS = YES;
				SWIFT_VERSION = 5.0;
				TARGETED_DEVICE_FAMILY = "1,2";
			};
			name = Debug;
		};
		3968CCB02E80426B0047A7C1 /* Release */ = {
			isa = XCBuildConfiguration;
			buildSettings = {
				ASSETCATALOG_COMPILER_APPICON_NAME = AppIcon;
				ASSETCATALOG_COMPILER_GLOBAL_ACCENT_COLOR_NAME = AccentColor;
				CODE_SIGN_STYLE = Automatic;
				CURRENT_PROJECT_VERSION = 1;
				DEVELOPMENT_TEAM = X768DFX4Z5;
				GENERATE_INFOPLIST_FILE = YES;
				INFOPLIST_FILE = doabdulovPW2/Info.plist;
				INFOPLIST_KEY_UIApplicationSupportsIndirectInputEvents = YES;
				INFOPLIST_KEY_UILaunchStoryboardName = LaunchScreen;
				INFOPLIST_KEY_UISupportedInterfaceOrientations_iPad = "UIInterfaceOrientationPortrait UIInterfaceOrientationPortraitUpsideDown UIInterfaceOrientationLandscapeLeft UIInterfaceOrientationLandscapeRight";
				INFOPLIST_KEY_UISupportedInterfaceOrientations_iPhone = "UIInterfaceOrientationPortrait UIInterfaceOrientationLandscapeLeft UIInterfaceOrientationLandscapeRight";
				IPHONEOS_DEPLOYMENT_TARGET = 15.6;
				LD_RUNPATH_SEARCH_PATHS = (
					"$(inherited)",
					"@executable_path/Frameworks",
				);
				MARKETING_VERSION = 1.0;
				PRODUCT_BUNDLE_IDENTIFIER = Jam.doabdulovPW2;
				PRODUCT_NAME = "$(TARGET_NAME)";
				SWIFT_EMIT_LOC_STRINGS = YES;
				SWIFT_VERSION = 5.0;
				TARGETED_DEVICE_FAMILY = "1,2";
			};
			name = Release;
		};
		3968CCB12E80426B0047A7C1 /* Debug */ = {
			isa = XCBuildConfiguration;
			buildSettings = {
				ALWAYS_SEARCH_USER_PATHS = NO;
				ASSETCATALOG_COMPILER_GENERATE_SWIFT_ASSET_SYMBOL_EXTENSIONS = YES;
				CLANG_ANALYZER_NONNULL = YES;
				CLANG_ANALYZER_NUMBER_OBJECT_CONVERSION = YES_AGGRESSIVE;
				CLANG_CXX_LANGUAGE_STANDARD = "gnu++20";
				CLANG_ENABLE_MODULES = YES;
				CLANG_ENABLE_OBJC_ARC = YES;
				CLANG_ENABLE_OBJC_WEAK = YES;
				CLANG_WARN_BLOCK_CAPTURE_AUTORELEASING = YES;
				CLANG_WARN_BOOL_CONVERSION = YES;
				CLANG_WARN_COMMA = YES;
				CLANG_WARN_CONSTANT_CONVERSION = YES;
				CLANG_WARN_DEPRECATED_OBJC_IMPLEMENTATIONS = YES;
				CLANG_WARN_DIRECT_OBJC_ISA_USAGE = YES_ERROR;
				CLANG_WARN_DOCUMENTATION_COMMENTS = YES;
				CLANG_WARN_EMPTY_BODY = YES;
				CLANG_WARN_ENUM_CONVERSION = YES;
				CLANG_WARN_INFINITE_RECURSION = YES;
				CLANG_WARN_INT_CONVERSION = YES;
				CLANG_WARN_NON_LITERAL_NULL_CONVERSION = YES;
				CLANG_WARN_OBJC_IMPLICIT_RETAIN_SELF = YES;
				CLANG_WARN_OBJC_LITERAL_CONVERSION = YES;
				CLANG_WARN_OBJC_ROOT_CLASS = YES_ERROR;
				CLANG_WARN_QUOTED_INCLUDE_IN_FRAMEWORK_HEADER = YES;
				CLANG_WARN_RANGE_LOOP_ANALYSIS = YES;
				CLANG_WARN_STRICT_PROTOTYPES = YES;
				CLANG_WARN_SUSPICIOUS_MOVE = YES;
				CLANG_WARN_UNGUARDED_AVAILABILITY = YES_AGGRESSIVE;
				CLANG_WARN_UNREACHABLE_CODE = YES;
				CLANG_WARN__DUPLICATE_METHOD_MATCH = YES;
				COPY_PHASE_STRIP = NO;
				DEBUG_INFORMATION_FORMAT = dwarf;
				ENABLE_STRICT_OBJC_MSGSEND = YES;
				ENABLE_TESTABILITY = YES;
				ENABLE_USER_SCRIPT_SANDBOXING = YES;
				GCC_C_LANGUAGE_STANDARD = gnu17;
				GCC_DYNAMIC_NO_PIC = NO;
				GCC_NO_COMMON_BLOCKS = YES;
				GCC_OPTIMIZATION_LEVEL = 0;
				GCC_PREPROCESSOR_DEFINITIONS = (
					"DEBUG=1",
					"$(inherited)",
				);
				GCC_WARN_64_TO_32_BIT_CONVERSION = YES;
				GCC_WARN_ABOUT_RETURN_TYPE = YES_ERROR;
				GCC_WARN_UNDECLARED_SELECTOR = YES;
				GCC_WARN_UNINITIALIZED_AUTOS = YES_AGGRESSIVE;
				GCC_WARN_UNUSED_FUNCTION = YES;
				GCC_WARN_UNUSED_VARIABLE = YES;
				IPHONEOS_DEPLOYMENT_TARGET = 18.0;
				LOCALIZATION_PREFERS_STRING_CATALOGS = YES;
				MTL_ENABLE_DEBUG_INFO = INCLUDE_SOURCE;
				MTL_FAST_MATH = YES;
				ONLY_ACTIVE_ARCH = YES;
				SDKROOT = iphoneos;
				SWIFT_ACTIVE_COMPILATION_CONDITIONS = "DEBUG $(inherited)";
				SWIFT_OPTIMIZATION_LEVEL = "-Onone";
			};
			name = Debug;
		};
		3968CCB22E80426B0047A7C1 /* Release */ = {
			isa = XCBuildConfiguration;
			buildSettings = {
				ALWAYS_SEARCH_USER_PATHS = NO;
				ASSETCATALOG_COMPILER_GENERATE_SWIFT_ASSET_SYMBOL_EXTENSIONS = YES;
				CLANG_ANALYZER_NONNULL = YES;
				CLANG_ANALYZER_NUMBER_OBJECT_CONVERSION = YES_AGGRESSIVE;
				CLANG_CXX_LANGUAGE_STANDARD = "gnu++20";
				CLANG_ENABLE_MODULES = YES;
				CLANG_ENABLE_OBJC_ARC = YES;
				CLANG_ENABLE_OBJC_WEAK = YES;
				CLANG_WARN_BLOCK_CAPTURE_AUTORELEASING = YES;
				CLANG_WARN_BOOL_CONVERSION = YES;
				CLANG_WARN_COMMA = YES;
				CLANG_WARN_CONSTANT_CONVERSION = YES;
				CLANG_WARN_DEPRECATED_OBJC_IMPLEMENTATIONS = YES;
				CLANG_WARN_DIRECT_OBJC_ISA_USAGE = YES_ERROR;
				CLANG_WARN_DOCUMENTATION_COMMENTS = YES;
				CLANG_WARN_EMPTY_BODY = YES;
				CLANG_WARN_ENUM_CONVERSION = YES;
				CLANG_WARN_INFINITE_RECURSION = YES;
				CLANG_WARN_INT_CONVERSION = YES;
				CLANG_WARN_NON_LITERAL_NULL_CONVERSION = YES;
				CLANG_WARN_OBJC_IMPLICIT_RETAIN_SELF = YES;
				CLANG_WARN_OBJC_LITERAL_CONVERSION = YES;
				CLANG_WARN_OBJC_ROOT_CLASS = YES_ERROR;
				CLANG_WARN_QUOTED_INCLUDE_IN_FRAMEWORK_HEADER = YES;
				CLANG_WARN_RANGE_LOOP_ANALYSIS = YES;
				CLANG_WARN_STRICT_PROTOTYPES = YES;
				CLANG_WARN_SUSPICIOUS_MOVE = YES;
				CLANG_WARN_UNGUARDED_AVAILABILITY = YES_AGGRESSIVE;
				CLANG_WARN_UNREACHABLE_CODE = YES;
				CLANG_WARN__DUPLICATE_METHOD_MATCH = YES;
				COPY_PHASE_STRIP = NO;
				DEBUG_INFORMATION_FORMAT = "dwarf-with-dsym";
				ENABLE_NS_ASSERTIONS = NO;
				ENABLE_STRICT_OBJC_MSGSEND = YES;
				ENABLE_USER_SCRIPT_SANDBOXING = YES;
				GCC_C_LANGUAGE_STANDARD = gnu17;
				GCC_NO_COMMON_BLOCKS = YES;
				GCC_WARN_64_TO_32_BIT_CONVERSION = YES;
				GCC_WARN_ABOUT_RETURN_TYPE = YES_ERROR;
				GCC_WARN_UNDECLARED_SELECTOR = YES;
				GCC_WARN_UNINITIALIZED_AUTOS = YES_AGGRESSIVE;
				GCC_WARN_UNUSED_FUNCTION = YES;
				GCC_WARN_UNUSED_VARIABLE = YES;
				IPHONEOS_DEPLOYMENT_TARGET = 18.0;
				LOCALIZATION_PREFERS_STRING_CATALOGS = YES;
				MTL_ENABLE_DEBUG_INFO = NO;
				MTL_FAST_MATH = YES;
				SDKROOT = iphoneos;
				SWIFT_COMPILATION_MODE = wholemodule;
				VALIDATE_PRODUCT = YES;
			};
			name = Release;
		};
/* End XCBuildConfiguration section */

/* Begin XCConfigurationList section */
		3968CC962E8042690047A7C1 /* Build configuration list for PBXProject "doabdulovPW2" */ = {
			isa = XCConfigurationList;
			buildConfigurations = (
				3968CCB12E80426B0047A7C1 /* Debug */,
				3968CCB22E80426B0047A7C1 /* Release */,
			);
			defaultConfigurationIsVisible = 0;
			defaultConfigurationName = Release;
		};
		3968CCAE2E80426B0047A7C1 /* Build configuration list for PBXNativeTarget "doabdulovPW2" */ = {
			isa = XCConfigurationList;
			buildConfigurations = (
				3968CCAF2E80426B0047A7C1 /* Debug */,
				3968CCB02E80426B0047A7C1 /* Release */,
			);
			defaultConfigurationIsVisible = 0;
			defaultConfigurationName = Release;
		};
/* End XCConfigurationList section */
	};
	rootObject = 3968CC932E8042690047A7C1 /* Project object */;
}
